
Microsoft Visual Studio Solution File, Format Version 12.00
# Visual Studio 15
VisualStudioVersion = 15.0.28010.2036
MinimumVisualStudioVersion = 10.0.40219.1
Project("{FAE04EC0-301F-11D3-BF4B-00C04F79EFBC}") = "App", "App.csproj", "{BDD821E8-316D-4D67-8F87-0B5A9EE3EBBE}"
EndProject
Global
	GlobalSection(SolutionConfigurationPlatforms) = preSolution
		Debug|Any CPU = Debug|Any CPU
		Release|Any CPU = Release|Any CPU
	EndGlobalSection
	GlobalSection(ProjectConfigurationPlatforms) = postSolution
		{BDD821E8-316D-4D67-8F87-0B5A9EE3EBBE}.Debug|Any CPU.ActiveCfg = Debug|Any CPU
		{BDD821E8-316D-4D67-8F87-0B5A9EE3EBBE}.Debug|Any CPU.Build.0 = Debug|Any CPU
		{BDD821E8-316D-4D67-8F87-0B5A9EE3EBBE}.Release|Any CPU.ActiveCfg = Release|Any CPU
		{BDD821E8-316D-4D67-8F87-0B5A9EE3EBBE}.Release|Any CPU.Build.0 = Release|Any CPU
	EndGlobalSection
	GlobalSection(SolutionProperties) = preSolution
		HideSolutionNode = FALSE
	EndGlobalSection
	GlobalSection(ExtensibilityGlobals) = postSolution
		SolutionGuid = {3ADCF2B7-8103-4371-9627-84ECCA8AD5DD}
	EndGlobalSection
EndGlobal
